
Microsoft Visual Studio Solution File, Format Version 11.00
# Visual Studio 2010
Project("{FAE04EC0-301F-11D3-BF4B-00C04F79EFBC}") = "progtetel_fels", "progtetel_fels\progtetel_fels.csproj", "{410DD1CB-981F-443B-96D2-3328A0361465}"
EndProject
Global
	GlobalSection(SolutionConfigurationPlatforms) = preSolution
		Debug|x86 = Debug|x86
		Release|x86 = Release|x86
	EndGlobalSection
	GlobalSection(ProjectConfigurationPlatforms) = postSolution
		{410DD1CB-981F-443B-96D2-3328A0361465}.Debug|x86.ActiveCfg = Debug|x86
		{410DD1CB-981F-443B-96D2-3328A0361465}.Debug|x86.Build.0 = Debug|x86
		{410DD1CB-981F-443B-96D2-3328A0361465}.Release|x86.ActiveCfg = Release|x86
		{410DD1CB-981F-443B-96D2-3328A0361465}.Release|x86.Build.0 = Release|x86
	EndGlobalSection
	GlobalSection(SolutionProperties) = preSolution
		HideSolutionNode = FALSE
	EndGlobalSection
EndGlobal
